
Microsoft Visual Studio Solution File, Format Version 12.00
# Visual Studio Version 17
VisualStudioVersion = 17.14.36603.0
MinimumVisualStudioVersion = 10.0.40219.1
Project("{FAE04EC0-301F-11D3-BF4B-00C04F79EFBC}") = "Arrays_C#", "Arrays_C#\Arrays_C#.csproj", "{28CEE478-7ADF-4BAE-AC42-28C2279D6193}"
EndProject
Project("{FAE04EC0-301F-11D3-BF4B-00C04F79EFBC}") = "Calc", "Calc\Calc.csproj", "{9E4829D8-6CA9-4610-9F38-FB603F84F7C2}"
EndProject
Project("{FAE04EC0-301F-11D3-BF4B-00C04F79EFBC}") = "NewCalc", "NewCalc\NewCalc.csproj", "{39762A69-53E1-4E2E-BD3E-5983AE55A5DA}"
EndProject
Project("{FAE04EC0-301F-11D3-BF4B-00C04F79EFBC}") = "Calc_CW", "Calc_CW\Calc_CW.csproj", "{767D1A52-E75D-434B-81EF-99FCC3D43E15}"
EndProject
Global
	GlobalSection(SolutionConfigurationPlatforms) = preSolution
		Debug|Any CPU = Debug|Any CPU
		Release|Any CPU = Release|Any CPU
	EndGlobalSection
	GlobalSection(ProjectConfigurationPlatforms) = postSolution
		{28CEE478-7ADF-4BAE-AC42-28C2279D6193}.Debug|Any CPU.ActiveCfg = Debug|Any CPU
		{28CEE478-7ADF-4BAE-AC42-28C2279D6193}.Debug|Any CPU.Build.0 = Debug|Any CPU
		{28CEE478-7ADF-4BAE-AC42-28C2279D6193}.Release|Any CPU.ActiveCfg = Release|Any CPU
		{28CEE478-7ADF-4BAE-AC42-28C2279D6193}.Release|Any CPU.Build.0 = Release|Any CPU
		{9E4829D8-6CA9-4610-9F38-FB603F84F7C2}.Debug|Any CPU.ActiveCfg = Debug|Any CPU
		{9E4829D8-6CA9-4610-9F38-FB603F84F7C2}.Debug|Any CPU.Build.0 = Debug|Any CPU
		{9E4829D8-6CA9-4610-9F38-FB603F84F7C2}.Release|Any CPU.ActiveCfg = Release|Any CPU
		{9E4829D8-6CA9-4610-9F38-FB603F84F7C2}.Release|Any CPU.Build.0 = Release|Any CPU
		{39762A69-53E1-4E2E-BD3E-5983AE55A5DA}.Debug|Any CPU.ActiveCfg = Debug|Any CPU
		{39762A69-53E1-4E2E-BD3E-5983AE55A5DA}.Debug|Any CPU.Build.0 = Debug|Any CPU
		{39762A69-53E1-4E2E-BD3E-5983AE55A5DA}.Release|Any CPU.ActiveCfg = Release|Any CPU
		{39762A69-53E1-4E2E-BD3E-5983AE55A5DA}.Release|Any CPU.Build.0 = Release|Any CPU
		{767D1A52-E75D-434B-81EF-99FCC3D43E15}.Debug|Any CPU.ActiveCfg = Debug|Any CPU
		{767D1A52-E75D-434B-81EF-99FCC3D43E15}.Debug|Any CPU.Build.0 = Debug|Any CPU
		{767D1A52-E75D-434B-81EF-99FCC3D43E15}.Release|Any CPU.ActiveCfg = Release|Any CPU
		{767D1A52-E75D-434B-81EF-99FCC3D43E15}.Release|Any CPU.Build.0 = Release|Any CPU
	EndGlobalSection
	GlobalSection(SolutionProperties) = preSolution
		HideSolutionNode = FALSE
	EndGlobalSection
	GlobalSection(ExtensibilityGlobals) = postSolution
		SolutionGuid = {C812FF9D-3DAA-4BCB-932F-95F7A2524E32}
	EndGlobalSection
EndGlobal
